
Microsoft Visual Studio Solution File, Format Version 12.00
# Visual Studio 15
VisualStudioVersion = 15.0.28307.1000
MinimumVisualStudioVersion = 10.0.40219.1
Project("{2150E333-8FDC-42A3-9474-1A3956D46DE8}") = "src", "src", "{A857FBB5-44A4-489C-B42A-F121C5BA0DA0}"
EndProject
Project("{2150E333-8FDC-42A3-9474-1A3956D46DE8}") = "test", "test", "{0505AB25-8069-4AA5-891E-FC07791C06AC}"
EndProject
Project("{9A19103F-16F7-4668-BE54-9A1E7A4F7556}") = "AcessoTeste.ThiagoPereira.Test", "test\AcessoTeste.ThiagoPereira.Test\AcessoTeste.ThiagoPereira.Test.csproj", "{B2775D98-F562-45BE-BAF6-7AA9EF6AAC0E}"
EndProject
Project("{9A19103F-16F7-4668-BE54-9A1E7A4F7556}") = "AcessoTeste.ThiagoPereira.Web", "src\AcessoTeste.ThiagoPereira.Web\AcessoTeste.ThiagoPereira.Web.csproj", "{FAAEDFED-4C75-4311-BE1A-9694EC5EE2BF}"
EndProject
Project("{E53339B2-1760-4266-BCC7-CA923CBCF16C}") = "docker-compose", "docker-compose.dcproj", "{9EA0503B-481E-4529-AF03-48FE0A9130BA}"
EndProject
Global
	GlobalSection(SolutionConfigurationPlatforms) = preSolution
		Debug|Any CPU = Debug|Any CPU
		Release|Any CPU = Release|Any CPU
	EndGlobalSection
	GlobalSection(ProjectConfigurationPlatforms) = postSolution
		{B2775D98-F562-45BE-BAF6-7AA9EF6AAC0E}.Debug|Any CPU.ActiveCfg = Debug|Any CPU
		{B2775D98-F562-45BE-BAF6-7AA9EF6AAC0E}.Debug|Any CPU.Build.0 = Debug|Any CPU
		{B2775D98-F562-45BE-BAF6-7AA9EF6AAC0E}.Release|Any CPU.ActiveCfg = Release|Any CPU
		{B2775D98-F562-45BE-BAF6-7AA9EF6AAC0E}.Release|Any CPU.Build.0 = Release|Any CPU
		{FAAEDFED-4C75-4311-BE1A-9694EC5EE2BF}.Debug|Any CPU.ActiveCfg = Debug|Any CPU
		{FAAEDFED-4C75-4311-BE1A-9694EC5EE2BF}.Debug|Any CPU.Build.0 = Debug|Any CPU
		{FAAEDFED-4C75-4311-BE1A-9694EC5EE2BF}.Release|Any CPU.ActiveCfg = Release|Any CPU
		{FAAEDFED-4C75-4311-BE1A-9694EC5EE2BF}.Release|Any CPU.Build.0 = Release|Any CPU
		{9EA0503B-481E-4529-AF03-48FE0A9130BA}.Debug|Any CPU.ActiveCfg = Debug|Any CPU
		{9EA0503B-481E-4529-AF03-48FE0A9130BA}.Debug|Any CPU.Build.0 = Debug|Any CPU
		{9EA0503B-481E-4529-AF03-48FE0A9130BA}.Release|Any CPU.ActiveCfg = Release|Any CPU
		{9EA0503B-481E-4529-AF03-48FE0A9130BA}.Release|Any CPU.Build.0 = Release|Any CPU
	EndGlobalSection
	GlobalSection(SolutionProperties) = preSolution
		HideSolutionNode = FALSE
	EndGlobalSection
	GlobalSection(NestedProjects) = preSolution
		{B2775D98-F562-45BE-BAF6-7AA9EF6AAC0E} = {0505AB25-8069-4AA5-891E-FC07791C06AC}
		{FAAEDFED-4C75-4311-BE1A-9694EC5EE2BF} = {A857FBB5-44A4-489C-B42A-F121C5BA0DA0}
	EndGlobalSection
	GlobalSection(ExtensibilityGlobals) = postSolution
		SolutionGuid = {C53648A5-0D06-47D4-B895-1FFD76C6C3AA}
	EndGlobalSection
EndGlobal
